
Microsoft Visual Studio Solution File, Format Version 12.00
# Visual Studio Version 17
VisualStudioVersion = 17.3.32901.215
MinimumVisualStudioVersion = 10.0.40219.1
Project("{9A19103F-16F7-4668-BE54-9A1E7A4F7556}") = "Alarm501", "Alarm501.csproj", "{FC772725-E32C-4B29-B6A1-6F1001CB4580}"
EndProject
Global
	GlobalSection(SolutionConfigurationPlatforms) = preSolution
		Debug|Any CPU = Debug|Any CPU
		Release|Any CPU = Release|Any CPU
	EndGlobalSection
	GlobalSection(ProjectConfigurationPlatforms) = postSolution
		{FC772725-E32C-4B29-B6A1-6F1001CB4580}.Debug|Any CPU.ActiveCfg = Debug|Any CPU
		{FC772725-E32C-4B29-B6A1-6F1001CB4580}.Debug|Any CPU.Build.0 = Debug|Any CPU
		{FC772725-E32C-4B29-B6A1-6F1001CB4580}.Release|Any CPU.ActiveCfg = Release|Any CPU
		{FC772725-E32C-4B29-B6A1-6F1001CB4580}.Release|Any CPU.Build.0 = Release|Any CPU
	EndGlobalSection
	GlobalSection(SolutionProperties) = preSolution
		HideSolutionNode = FALSE
	EndGlobalSection
	GlobalSection(ExtensibilityGlobals) = postSolution
		SolutionGuid = {386AB2C3-8968-48F2-9065-8457BDF0441A}
	EndGlobalSection
EndGlobal
